
Microsoft Visual Studio Solution File, Format Version 12.00
# Visual Studio Version 17
VisualStudioVersion = 17.14.36616.10
MinimumVisualStudioVersion = 10.0.40219.1
Project("{8BC9CEB8-8B4A-11D0-8D11-00A0C91BC942}") = "HW03", "HW03\HW03.vcxproj", "{72D90606-7ED0-485E-9B6F-601CBF60B74C}"
EndProject
Project("{8BC9CEB8-8B4A-11D0-8D11-00A0C91BC942}") = "HW04", "HW04\HW04.vcxproj", "{E957C87F-3683-405E-9902-CB24A5AF8539}"
EndProject
Project("{8BC9CEB8-8B4A-11D0-8D11-00A0C91BC942}") = "HW05", "HW05\HW05.vcxproj", "{E59D26C8-6F5A-47FC-9EBE-9912999249C4}"
EndProject
Project("{8BC9CEB8-8B4A-11D0-8D11-00A0C91BC942}") = "HW06", "HW06\HW06.vcxproj", "{8305FBEB-9876-4A40-A80E-0ADC03122AF8}"
EndProject
Project("{8BC9CEB8-8B4A-11D0-8D11-00A0C91BC942}") = "HW07", "HW07\HW07.vcxproj", "{9145EC61-A5FB-475D-934F-6C77BAF2E0F1}"
EndProject
Project("{8BC9CEB8-8B4A-11D0-8D11-00A0C91BC942}") = "HW09", "HW09\HW09.vcxproj", "{7B45F5C2-5F30-4122-B8E7-EE56A4044104}"
EndProject
Project("{8BC9CEB8-8B4A-11D0-8D11-00A0C91BC942}") = "HW08", "HW08\HW08.vcxproj", "{ACF9B7AC-22FB-418C-93DA-CF68ECA37369}"
EndProject
Project("{8BC9CEB8-8B4A-11D0-8D11-00A0C91BC942}") = "HW10", "HW10\HW10.vcxproj", "{5DC9A1CC-1CCD-4535-AB25-AF1BB048CAFE}"
EndProject
Project("{8BC9CEB8-8B4A-11D0-8D11-00A0C91BC942}") = "HW11", "HW11\HW11.vcxproj", "{813A455F-60DE-43F8-AF57-9D2D5DFBE8CA}"
EndProject
Global
	GlobalSection(SolutionConfigurationPlatforms) = preSolution
		Debug|x64 = Debug|x64
		Debug|x86 = Debug|x86
		Release|x64 = Release|x64
		Release|x86 = Release|x86
	EndGlobalSection
	GlobalSection(ProjectConfigurationPlatforms) = postSolution
		{72D90606-7ED0-485E-9B6F-601CBF60B74C}.Debug|x64.ActiveCfg = Debug|x64
		{72D90606-7ED0-485E-9B6F-601CBF60B74C}.Debug|x64.Build.0 = Debug|x64
		{72D90606-7ED0-485E-9B6F-601CBF60B74C}.Debug|x86.ActiveCfg = Debug|Win32
		{72D90606-7ED0-485E-9B6F-601CBF60B74C}.Debug|x86.Build.0 = Debug|Win32
		{72D90606-7ED0-485E-9B6F-601CBF60B74C}.Release|x64.ActiveCfg = Release|x64
		{72D90606-7ED0-485E-9B6F-601CBF60B74C}.Release|x64.Build.0 = Release|x64
		{72D90606-7ED0-485E-9B6F-601CBF60B74C}.Release|x86.ActiveCfg = Release|Win32
		{72D90606-7ED0-485E-9B6F-601CBF60B74C}.Release|x86.Build.0 = Release|Win32
		{E957C87F-3683-405E-9902-CB24A5AF8539}.Debug|x64.ActiveCfg = Debug|x64
		{E957C87F-3683-405E-9902-CB24A5AF8539}.Debug|x64.Build.0 = Debug|x64
		{E957C87F-3683-405E-9902-CB24A5AF8539}.Debug|x86.ActiveCfg = Debug|Win32
		{E957C87F-3683-405E-9902-CB24A5AF8539}.Debug|x86.Build.0 = Debug|Win32
		{E957C87F-3683-405E-9902-CB24A5AF8539}.Release|x64.ActiveCfg = Release|x64
		{E957C87F-3683-405E-9902-CB24A5AF8539}.Release|x64.Build.0 = Release|x64
		{E957C87F-3683-405E-9902-CB24A5AF8539}.Release|x86.ActiveCfg = Release|Win32
		{E957C87F-3683-405E-9902-CB24A5AF8539}.Release|x86.Build.0 = Release|Win32
		{E59D26C8-6F5A-47FC-9EBE-9912999249C4}.Debug|x64.ActiveCfg = Debug|x64
		{E59D26C8-6F5A-47FC-9EBE-9912999249C4}.Debug|x64.Build.0 = Debug|x64
		{E59D26C8-6F5A-47FC-9EBE-9912999249C4}.Debug|x86.ActiveCfg = Debug|Win32
		{E59D26C8-6F5A-47FC-9EBE-9912999249C4}.Debug|x86.Build.0 = Debug|Win32
		{E59D26C8-6F5A-47FC-9EBE-9912999249C4}.Release|x64.ActiveCfg = Release|x64
		{E59D26C8-6F5A-47FC-9EBE-9912999249C4}.Release|x64.Build.0 = Release|x64
		{E59D26C8-6F5A-47FC-9EBE-9912999249C4}.Release|x86.ActiveCfg = Release|Win32
		{E59D26C8-6F5A-47FC-9EBE-9912999249C4}.Release|x86.Build.0 = Release|Win32
		{8305FBEB-9876-4A40-A80E-0ADC03122AF8}.Debug|x64.ActiveCfg = Debug|x64
		{8305FBEB-9876-4A40-A80E-0ADC03122AF8}.Debug|x64.Build.0 = Debug|x64
		{8305FBEB-9876-4A40-A80E-0ADC03122AF8}.Debug|x86.ActiveCfg = Debug|Win32
		{8305FBEB-9876-4A40-A80E-0ADC03122AF8}.Debug|x86.Build.0 = Debug|Win32
		{8305FBEB-9876-4A40-A80E-0ADC03122AF8}.Release|x64.ActiveCfg = Release|x64
		{8305FBEB-9876-4A40-A80E-0ADC03122AF8}.Release|x64.Build.0 = Release|x64
		{8305FBEB-9876-4A40-A80E-0ADC03122AF8}.Release|x86.ActiveCfg = Release|Win32
		{8305FBEB-9876-4A40-A80E-0ADC03122AF8}.Release|x86.Build.0 = Release|Win32
		{9145EC61-A5FB-475D-934F-6C77BAF2E0F1}.Debug|x64.ActiveCfg = Debug|x64
		{9145EC61-A5FB-475D-934F-6C77BAF2E0F1}.Debug|x64.Build.0 = Debug|x64
		{9145EC61-A5FB-475D-934F-6C77BAF2E0F1}.Debug|x86.ActiveCfg = Debug|Win32
		{9145EC61-A5FB-475D-934F-6C77BAF2E0F1}.Debug|x86.Build.0 = Debug|Win32
		{9145EC61-A5FB-475D-934F-6C77BAF2E0F1}.Release|x64.ActiveCfg = Release|x64
		{9145EC61-A5FB-475D-934F-6C77BAF2E0F1}.Release|x64.Build.0 = Release|x64
		{9145EC61-A5FB-475D-934F-6C77BAF2E0F1}.Release|x86.ActiveCfg = Release|Win32
		{9145EC61-A5FB-475D-934F-6C77BAF2E0F1}.Release|x86.Build.0 = Release|Win32
		{7B45F5C2-5F30-4122-B8E7-EE56A4044104}.Debug|x64.ActiveCfg = Debug|x64
		{7B45F5C2-5F30-4122-B8E7-EE56A4044104}.Debug|x64.Build.0 = Debug|x64
		{7B45F5C2-5F30-4122-B8E7-EE56A4044104}.Debug|x86.ActiveCfg = Debug|Win32
		{7B45F5C2-5F30-4122-B8E7-EE56A4044104}.Debug|x86.Build.0 = Debug|Win32
		{7B45F5C2-5F30-4122-B8E7-EE56A4044104}.Release|x64.ActiveCfg = Release|x64
		{7B45F5C2-5F30-4122-B8E7-EE56A4044104}.Release|x64.Build.0 = Release|x64
		{7B45F5C2-5F30-4122-B8E7-EE56A4044104}.Release|x86.ActiveCfg = Release|Win32
		{7B45F5C2-5F30-4122-B8E7-EE56A4044104}.Release|x86.Build.0 = Release|Win32
		{ACF9B7AC-22FB-418C-93DA-CF68ECA37369}.Debug|x64.ActiveCfg = Debug|x64
		{ACF9B7AC-22FB-418C-93DA-CF68ECA37369}.Debug|x64.Build.0 = Debug|x64
		{ACF9B7AC-22FB-418C-93DA-CF68ECA37369}.Debug|x86.ActiveCfg = Debug|Win32
		{ACF9B7AC-22FB-418C-93DA-CF68ECA37369}.Debug|x86.Build.0 = Debug|Win32
		{ACF9B7AC-22FB-418C-93DA-CF68ECA37369}.Release|x64.ActiveCfg = Release|x64
		{ACF9B7AC-22FB-418C-93DA-CF68ECA37369}.Release|x64.Build.0 = Release|x64
		{ACF9B7AC-22FB-418C-93DA-CF68ECA37369}.Release|x86.ActiveCfg = Release|Win32
		{ACF9B7AC-22FB-418C-93DA-CF68ECA37369}.Release|x86.Build.0 = Release|Win32
		{5DC9A1CC-1CCD-4535-AB25-AF1BB048CAFE}.Debug|x64.ActiveCfg = Debug|x64
		{5DC9A1CC-1CCD-4535-AB25-AF1BB048CAFE}.Debug|x64.Build.0 = Debug|x64
		{5DC9A1CC-1CCD-4535-AB25-AF1BB048CAFE}.Debug|x86.ActiveCfg = Debug|Win32
		{5DC9A1CC-1CCD-4535-AB25-AF1BB048CAFE}.Debug|x86.Build.0 = Debug|Win32
		{5DC9A1CC-1CCD-4535-AB25-AF1BB048CAFE}.Release|x64.ActiveCfg = Release|x64
		{5DC9A1CC-1CCD-4535-AB25-AF1BB048CAFE}.Release|x64.Build.0 = Release|x64
		{5DC9A1CC-1CCD-4535-AB25-AF1BB048CAFE}.Release|x86.ActiveCfg = Release|Win32
		{5DC9A1CC-1CCD-4535-AB25-AF1BB048CAFE}.Release|x86.Build.0 = Release|Win32
		{813A455F-60DE-43F8-AF57-9D2D5DFBE8CA}.Debug|x64.ActiveCfg = Debug|x64
		{813A455F-60DE-43F8-AF57-9D2D5DFBE8CA}.Debug|x64.Build.0 = Debug|x64
		{813A455F-60DE-43F8-AF57-9D2D5DFBE8CA}.Debug|x86.ActiveCfg = Debug|Win32
		{813A455F-60DE-43F8-AF57-9D2D5DFBE8CA}.Debug|x86.Build.0 = Debug|Win32
		{813A455F-60DE-43F8-AF57-9D2D5DFBE8CA}.Release|x64.ActiveCfg = Release|x64
		{813A455F-60DE-43F8-AF57-9D2D5DFBE8CA}.Release|x64.Build.0 = Release|x64
		{813A455F-60DE-43F8-AF57-9D2D5DFBE8CA}.Release|x86.ActiveCfg = Release|Win32
		{813A455F-60DE-43F8-AF57-9D2D5DFBE8CA}.Release|x86.Build.0 = Release|Win32
	EndGlobalSection
	GlobalSection(SolutionProperties) = preSolution
		HideSolutionNode = FALSE
	EndGlobalSection
	GlobalSection(ExtensibilityGlobals) = postSolution
		SolutionGuid = {A4FFE7F8-F427-4A88-A509-AACC8BC7E499}
	EndGlobalSection
EndGlobal
